// !$*UTF8*$!
{
	archiveVersion = 1;
	classes = {
	};
	objectVersion = 46;
	objects = {

/* Begin PBXBuildFile section */
		830360101C23106C00CAA428 /* main.m in Sources */ = {isa = PBXBuildFile; fileRef = 8303600F1C23106C00CAA428 /* main.m */; };
		830360131C23106C00CAA428 /* AppDelegate.m in Sources */ = {isa = PBXBuildFile; fileRef = 830360121C23106C00CAA428 /* AppDelegate.m */; };
		830360161C23106C00CAA428 /* ViewController.m in Sources */ = {isa = PBXBuildFile; fileRef = 830360151C23106C00CAA428 /* ViewController.m */; };
		830360191C23106C00CAA428 /* Main.storyboard in Resources */ = {isa = PBXBuildFile; fileRef = 830360171C23106C00CAA428 /* Main.storyboard */; };
		8303601C1C23106C00CAA428 /* AgendaDeContatos.xcdatamodeld in Sources */ = {isa = PBXBuildFile; fileRef = 8303601A1C23106C00CAA428 /* AgendaDeContatos.xcdatamodeld */; };
		8303601E1C23106C00CAA428 /* Assets.xcassets in Resources */ = {isa = PBXBuildFile; fileRef = 8303601D1C23106C00CAA428 /* Assets.xcassets */; };
		830360211C23106C00CAA428 /* LaunchScreen.storyboard in Resources */ = {isa = PBXBuildFile; fileRef = 8303601F1C23106C00CAA428 /* LaunchScreen.storyboard */; };
		8303602C1C23106C00CAA428 /* AgendaDeContatosTests.m in Sources */ = {isa = PBXBuildFile; fileRef = 8303602B1C23106C00CAA428 /* AgendaDeContatosTests.m */; };
		830360371C23106D00CAA428 /* AgendaDeContatosUITests.m in Sources */ = {isa = PBXBuildFile; fileRef = 830360361C23106D00CAA428 /* AgendaDeContatosUITests.m */; };
		830360461C23248700CAA428 /* Contato.m in Sources */ = {isa = PBXBuildFile; fileRef = 830360451C23248700CAA428 /* Contato.m */; };
		830360491C2335DE00CAA428 /* ListaContatosViewController.m in Sources */ = {isa = PBXBuildFile; fileRef = 830360481C2335DE00CAA428 /* ListaContatosViewController.m */; };
		8303604C1C285BC900CAA428 /* ContatoDao.m in Sources */ = {isa = PBXBuildFile; fileRef = 8303604B1C285BC900CAA428 /* ContatoDao.m */; };
/* End PBXBuildFile section */

/* Begin PBXContainerItemProxy section */
		830360281C23106C00CAA428 /* PBXContainerItemProxy */ = {
			isa = PBXContainerItemProxy;
			containerPortal = 830360031C23106C00CAA428 /* Project object */;
			proxyType = 1;
			remoteGlobalIDString = 8303600A1C23106C00CAA428;
			remoteInfo = AgendaDeContatos;
		};
		830360331C23106D00CAA428 /* PBXContainerItemProxy */ = {
			isa = PBXContainerItemProxy;
			containerPortal = 830360031C23106C00CAA428 /* Project object */;
			proxyType = 1;
			remoteGlobalIDString = 8303600A1C23106C00CAA428;
			remoteInfo = AgendaDeContatos;
		};
/* End PBXContainerItemProxy section */

/* Begin PBXFileReference section */
		8303600B1C23106C00CAA428 /* AgendaDeContatos.app */ = {isa = PBXFileReference; explicitFileType = wrapper.application; includeInIndex = 0; path = AgendaDeContatos.app; sourceTree = BUILT_PRODUCTS_DIR; };
		8303600F1C23106C00CAA428 /* main.m */ = {isa = PBXFileReference; lastKnownFileType = sourcecode.c.objc; path = main.m; sourceTree = "<group>"; };
		830360111C23106C00CAA428 /* AppDelegate.h */ = {isa = PBXFileReference; lastKnownFileType = sourcecode.c.h; path = AppDelegate.h; sourceTree = "<group>"; };
		830360121C23106C00CAA428 /* AppDelegate.m */ = {isa = PBXFileReference; lastKnownFileType = sourcecode.c.objc; path = AppDelegate.m; sourceTree = "<group>"; };
		830360141C23106C00CAA428 /* ViewController.h */ = {isa = PBXFileReference; lastKnownFileType = sourcecode.c.h; path = ViewController.h; sourceTree = "<group>"; };
		830360151C23106C00CAA428 /* ViewController.m */ = {isa = PBXFileReference; lastKnownFileType = sourcecode.c.objc; path = ViewController.m; sourceTree = "<group>"; };
		830360181C23106C00CAA428 /* Base */ = {isa = PBXFileReference; lastKnownFileType = file.storyboard; name = Base; path = Base.lproj/Main.storyboard; sourceTree = "<group>"; };
		8303601B1C23106C00CAA428 /* AgendaDeContatos.xcdatamodel */ = {isa = PBXFileReference; lastKnownFileType = wrapper.xcdatamodel; path = AgendaDeContatos.xcdatamodel; sourceTree = "<group>"; };
		8303601D1C23106C00CAA428 /* Assets.xcassets */ = {isa = PBXFileReference; lastKnownFileType = folder.assetcatalog; path = Assets.xcassets; sourceTree = "<group>"; };
		830360201C23106C00CAA428 /* Base */ = {isa = PBXFileReference; lastKnownFileType = file.storyboard; name = Base; path = Base.lproj/LaunchScreen.storyboard; sourceTree = "<group>"; };
		830360221C23106C00CAA428 /* Info.plist */ = {isa = PBXFileReference; lastKnownFileType = text.plist.xml; path = Info.plist; sourceTree = "<group>"; };
		830360271C23106C00CAA428 /* AgendaDeContatosTests.xctest */ = {isa = PBXFileReference; explicitFileType = wrapper.cfbundle; includeInIndex = 0; path = AgendaDeContatosTests.xctest; sourceTree = BUILT_PRODUCTS_DIR; };
		8303602B1C23106C00CAA428 /* AgendaDeContatosTests.m */ = {isa = PBXFileReference; lastKnownFileType = sourcecode.c.objc; path = AgendaDeContatosTests.m; sourceTree = "<group>"; };
		8303602D1C23106C00CAA428 /* Info.plist */ = {isa = PBXFileReference; lastKnownFileType = text.plist.xml; path = Info.plist; sourceTree = "<group>"; };
		830360321C23106D00CAA428 /* AgendaDeContatosUITests.xctest */ = {isa = PBXFileReference; explicitFileType = wrapper.cfbundle; includeInIndex = 0; path = AgendaDeContatosUITests.xctest; sourceTree = BUILT_PRODUCTS_DIR; };
		830360361C23106D00CAA428 /* AgendaDeContatosUITests.m */ = {isa = PBXFileReference; lastKnownFileType = sourcecode.c.objc; path = AgendaDeContatosUITests.m; sourceTree = "<group>"; };
		830360381C23106D00CAA428 /* Info.plist */ = {isa = PBXFileReference; lastKnownFileType = text.plist.xml; path = Info.plist; sourceTree = "<group>"; };
		830360441C23248700CAA428 /* Contato.h */ = {isa = PBXFileReference; fileEncoding = 4; lastKnownFileType = sourcecode.c.h; path = Contato.h; sourceTree = "<group>"; };
		830360451C23248700CAA428 /* Contato.m */ = {isa = PBXFileReference; fileEncoding = 4; lastKnownFileType = sourcecode.c.objc; path = Contato.m; sourceTree = "<group>"; };
		830360471C2335DE00CAA428 /* ListaContatosViewController.h */ = {isa = PBXFileReference; fileEncoding = 4; lastKnownFileType = sourcecode.c.h; path = ListaContatosViewController.h; sourceTree = "<group>"; };
		830360481C2335DE00CAA428 /* ListaContatosViewController.m */ = {isa = PBXFileReference; fileEncoding = 4; lastKnownFileType = sourcecode.c.objc; path = ListaContatosViewController.m; sourceTree = "<group>"; };
		8303604A1C285BC900CAA428 /* ContatoDao.h */ = {isa = PBXFileReference; fileEncoding = 4; lastKnownFileType = sourcecode.c.h; path = ContatoDao.h; sourceTree = "<group>"; };
		8303604B1C285BC900CAA428 /* ContatoDao.m */ = {isa = PBXFileReference; fileEncoding = 4; lastKnownFileType = sourcecode.c.objc; path = ContatoDao.m; sourceTree = "<group>"; };
/* End PBXFileReference section */

/* Begin PBXFrameworksBuildPhase section */
		830360081C23106C00CAA428 /* Frameworks */ = {
			isa = PBXFrameworksBuildPhase;
			buildActionMask = 2147483647;
			files = (
			);
			runOnlyForDeploymentPostprocessing = 0;
		};
		830360241C23106C00CAA428 /* Frameworks */ = {
			isa = PBXFrameworksBuildPhase;
			buildActionMask = 2147483647;
			files = (
			);
			runOnlyForDeploymentPostprocessing = 0;
		};
		8303602F1C23106D00CAA428 /* Frameworks */ = {
			isa = PBXFrameworksBuildPhase;
			buildActionMask = 2147483647;
			files = (
			);
			runOnlyForDeploymentPostprocessing = 0;
		};
/* End PBXFrameworksBuildPhase section */

/* Begin PBXGroup section */
		830360021C23106C00CAA428 = {
			isa = PBXGroup;
			children = (
				8303600D1C23106C00CAA428 /* AgendaDeContatos */,
				8303602A1C23106C00CAA428 /* AgendaDeContatosTests */,
				830360351C23106D00CAA428 /* AgendaDeContatosUITests */,
				8303600C1C23106C00CAA428 /* Products */,
			);
			sourceTree = "<group>";
		};
		8303600C1C23106C00CAA428 /* Products */ = {
			isa = PBXGroup;
			children = (
				8303600B1C23106C00CAA428 /* AgendaDeContatos.app */,
				830360271C23106C00CAA428 /* AgendaDeContatosTests.xctest */,
				830360321C23106D00CAA428 /* AgendaDeContatosUITests.xctest */,
			);
			name = Products;
			sourceTree = "<group>";
		};
		8303600D1C23106C00CAA428 /* AgendaDeContatos */ = {
			isa = PBXGroup;
			children = (
				830360111C23106C00CAA428 /* AppDelegate.h */,
				830360121C23106C00CAA428 /* AppDelegate.m */,
				830360141C23106C00CAA428 /* ViewController.h */,
				830360151C23106C00CAA428 /* ViewController.m */,
				830360471C2335DE00CAA428 /* ListaContatosViewController.h */,
				830360481C2335DE00CAA428 /* ListaContatosViewController.m */,
				8303604A1C285BC900CAA428 /* ContatoDao.h */,
				8303604B1C285BC900CAA428 /* ContatoDao.m */,
				830360441C23248700CAA428 /* Contato.h */,
				830360451C23248700CAA428 /* Contato.m */,
				830360171C23106C00CAA428 /* Main.storyboard */,
				8303601D1C23106C00CAA428 /* Assets.xcassets */,
				8303601F1C23106C00CAA428 /* LaunchScreen.storyboard */,
				830360221C23106C00CAA428 /* Info.plist */,
				8303601A1C23106C00CAA428 /* AgendaDeContatos.xcdatamodeld */,
				8303600E1C23106C00CAA428 /* Supporting Files */,
			);
			path = AgendaDeContatos;
			sourceTree = "<group>";
		};
		8303600E1C23106C00CAA428 /* Supporting Files */ = {
			isa = PBXGroup;
			children = (
				8303600F1C23106C00CAA428 /* main.m */,
			);
			name = "Supporting Files";
			sourceTree = "<group>";
		};
		8303602A1C23106C00CAA428 /* AgendaDeContatosTests */ = {
			isa = PBXGroup;
			children = (
				8303602B1C23106C00CAA428 /* AgendaDeContatosTests.m */,
				8303602D1C23106C00CAA428 /* Info.plist */,
			);
			path = AgendaDeContatosTests;
			sourceTree = "<group>";
		};
		830360351C23106D00CAA428 /* AgendaDeContatosUITests */ = {
			isa = PBXGroup;
			children = (
				830360361C23106D00CAA428 /* AgendaDeContatosUITests.m */,
				830360381C23106D00CAA428 /* Info.plist */,
			);
			path = AgendaDeContatosUITests;
			sourceTree = "<group>";
		};
/* End PBXGroup section */

/* Begin PBXNativeTarget section */
		8303600A1C23106C00CAA428 /* AgendaDeContatos */ = {
			isa = PBXNativeTarget;
			buildConfigurationList = 8303603B1C23106D00CAA428 /* Build configuration list for PBXNativeTarget "AgendaDeContatos" */;
			buildPhases = (
				830360071C23106C00CAA428 /* Sources */,
				830360081C23106C00CAA428 /* Frameworks */,
				830360091C23106C00CAA428 /* Resources */,
			);
			buildRules = (
			);
			dependencies = (
			);
			name = AgendaDeContatos;
			productName = AgendaDeContatos;
			productReference = 8303600B1C23106C00CAA428 /* AgendaDeContatos.app */;
			productType = "com.apple.product-type.application";
		};
		830360261C23106C00CAA428 /* AgendaDeContatosTests */ = {
			isa = PBXNativeTarget;
			buildConfigurationList = 8303603E1C23106D00CAA428 /* Build configuration list for PBXNativeTarget "AgendaDeContatosTests" */;
			buildPhases = (
				830360231C23106C00CAA428 /* Sources */,
				830360241C23106C00CAA428 /* Frameworks */,
				830360251C23106C00CAA428 /* Resources */,
			);
			buildRules = (
			);
			dependencies = (
				830360291C23106C00CAA428 /* PBXTargetDependency */,
			);
			name = AgendaDeContatosTests;
			productName = AgendaDeContatosTests;
			productReference = 830360271C23106C00CAA428 /* AgendaDeContatosTests.xctest */;
			productType = "com.apple.product-type.bundle.unit-test";
		};
		830360311C23106D00CAA428 /* AgendaDeContatosUITests */ = {
			isa = PBXNativeTarget;
			buildConfigurationList = 830360411C23106D00CAA428 /* Build configuration list for PBXNativeTarget "AgendaDeContatosUITests" */;
			buildPhases = (
				8303602E1C23106D00CAA428 /* Sources */,
				8303602F1C23106D00CAA428 /* Frameworks */,
				830360301C23106D00CAA428 /* Resources */,
			);
			buildRules = (
			);
			dependencies = (
				830360341C23106D00CAA428 /* PBXTargetDependency */,
			);
			name = AgendaDeContatosUITests;
			productName = AgendaDeContatosUITests;
			productReference = 830360321C23106D00CAA428 /* AgendaDeContatosUITests.xctest */;
			productType = "com.apple.product-type.bundle.ui-testing";
		};
/* End PBXNativeTarget section */

/* Begin PBXProject section */
		830360031C23106C00CAA428 /* Project object */ = {
			isa = PBXProject;
			attributes = {
				LastUpgradeCheck = 0710;
				ORGANIZATIONNAME = Alura;
				TargetAttributes = {
					8303600A1C23106C00CAA428 = {
						CreatedOnToolsVersion = 7.1;
						DevelopmentTeam = DP85HK9523;
					};
					830360261C23106C00CAA428 = {
						CreatedOnToolsVersion = 7.1;
						DevelopmentTeam = DP85HK9523;
						TestTargetID = 8303600A1C23106C00CAA428;
					};
					830360311C23106D00CAA428 = {
						CreatedOnToolsVersion = 7.1;
						DevelopmentTeam = DP85HK9523;
						TestTargetID = 8303600A1C23106C00CAA428;
					};
				};
			};
			buildConfigurationList = 830360061C23106C00CAA428 /* Build configuration list for PBXProject "AgendaDeContatos" */;
			compatibilityVersion = "Xcode 3.2";
			developmentRegion = English;
			hasScannedForEncodings = 0;
			knownRegions = (
				en,
				Base,
			);
			mainGroup = 830360021C23106C00CAA428;
			productRefGroup = 8303600C1C23106C00CAA428 /* Products */;
			projectDirPath = "";
			projectRoot = "";
			targets = (
				8303600A1C23106C00CAA428 /* AgendaDeContatos */,
				830360261C23106C00CAA428 /* AgendaDeContatosTests */,
				830360311C23106D00CAA428 /* AgendaDeContatosUITests */,
			);
		};
/* End PBXProject section */

/* Begin PBXResourcesBuildPhase section */
		830360091C23106C00CAA428 /* Resources */ = {
			isa = PBXResourcesBuildPhase;
			buildActionMask = 2147483647;
			files = (
				830360211C23106C00CAA428 /* LaunchScreen.storyboard in Resources */,
				8303601E1C23106C00CAA428 /* Assets.xcassets in Resources */,
				830360191C23106C00CAA428 /* Main.storyboard in Resources */,
			);
			runOnlyForDeploymentPostprocessing = 0;
		};
		830360251C23106C00CAA428 /* Resources */ = {
			isa = PBXResourcesBuildPhase;
			buildActionMask = 2147483647;
			files = (
			);
			runOnlyForDeploymentPostprocessing = 0;
		};
		830360301C23106D00CAA428 /* Resources */ = {
			isa = PBXResourcesBuildPhase;
			buildActionMask = 2147483647;
			files = (
			);
			runOnlyForDeploymentPostprocessing = 0;
		};
/* End PBXResourcesBuildPhase section */

/* Begin PBXSourcesBuildPhase section */
		830360071C23106C00CAA428 /* Sources */ = {
			isa = PBXSourcesBuildPhase;
			buildActionMask = 2147483647;
			files = (
				8303604C1C285BC900CAA428 /* ContatoDao.m in Sources */,
				830360461C23248700CAA428 /* Contato.m in Sources */,
				830360491C2335DE00CAA428 /* ListaContatosViewController.m in Sources */,
				830360161C23106C00CAA428 /* ViewController.m in Sources */,
				8303601C1C23106C00CAA428 /* AgendaDeContatos.xcdatamodeld in Sources */,
				830360131C23106C00CAA428 /* AppDelegate.m in Sources */,
				830360101C23106C00CAA428 /* main.m in Sources */,
			);
			runOnlyForDeploymentPostprocessing = 0;
		};
		830360231C23106C00CAA428 /* Sources */ = {
			isa = PBXSourcesBuildPhase;
			buildActionMask = 2147483647;
			files = (
				8303602C1C23106C00CAA428 /* AgendaDeContatosTests.m in Sources */,
			);
			runOnlyForDeploymentPostprocessing = 0;
		};
		8303602E1C23106D00CAA428 /* Sources */ = {
			isa = PBXSourcesBuildPhase;
			buildActionMask = 2147483647;
			files = (
				830360371C23106D00CAA428 /* AgendaDeContatosUITests.m in Sources */,
			);
			runOnlyForDeploymentPostprocessing = 0;
		};
/* End PBXSourcesBuildPhase section */

/* Begin PBXTargetDependency section */
		830360291C23106C00CAA428 /* PBXTargetDependency */ = {
			isa = PBXTargetDependency;
			target = 8303600A1C23106C00CAA428 /* AgendaDeContatos */;
			targetProxy = 830360281C23106C00CAA428 /* PBXContainerItemProxy */;
		};
		830360341C23106D00CAA428 /* PBXTargetDependency */ = {
			isa = PBXTargetDependency;
			target = 8303600A1C23106C00CAA428 /* AgendaDeContatos */;
			targetProxy = 830360331C23106D00CAA428 /* PBXContainerItemProxy */;
		};
/* End PBXTargetDependency section */

/* Begin PBXVariantGroup section */
		830360171C23106C00CAA428 /* Main.storyboard */ = {
			isa = PBXVariantGroup;
			children = (
				830360181C23106C00CAA428 /* Base */,
			);
			name = Main.storyboard;
			sourceTree = "<group>";
		};
		8303601F1C23106C00CAA428 /* LaunchScreen.storyboard */ = {
			isa = PBXVariantGroup;
			children = (
				830360201C23106C00CAA428 /* Base */,
			);
			name = LaunchScreen.storyboard;
			sourceTree = "<group>";
		};
/* End PBXVariantGroup section */

/* Begin XCBuildConfiguration section */
		830360391C23106D00CAA428 /* Debug */ = {
			isa = XCBuildConfiguration;
			buildSettings = {
				ALWAYS_SEARCH_USER_PATHS = NO;
				CLANG_CXX_LANGUAGE_STANDARD = "gnu++0x";
				CLANG_CXX_LIBRARY = "libc++";
				CLANG_ENABLE_MODULES = YES;
				CLANG_ENABLE_OBJC_ARC = YES;
				CLANG_WARN_BOOL_CONVERSION = YES;
				CLANG_WARN_CONSTANT_CONVERSION = YES;
				CLANG_WARN_DIRECT_OBJC_ISA_USAGE = YES_ERROR;
				CLANG_WARN_EMPTY_BODY = YES;
				CLANG_WARN_ENUM_CONVERSION = YES;
				CLANG_WARN_INT_CONVERSION = YES;
				CLANG_WARN_OBJC_ROOT_CLASS = YES_ERROR;
				CLANG_WARN_UNREACHABLE_CODE = YES;
				CLANG_WARN__DUPLICATE_METHOD_MATCH = YES;
				"CODE_SIGN_IDENTITY[sdk=iphoneos*]" = "iPhone Developer";
				COPY_PHASE_STRIP = NO;
				DEBUG_INFORMATION_FORMAT = dwarf;
				ENABLE_STRICT_OBJC_MSGSEND = YES;
				ENABLE_TESTABILITY = YES;
				GCC_C_LANGUAGE_STANDARD = gnu99;
				GCC_DYNAMIC_NO_PIC = NO;
				GCC_NO_COMMON_BLOCKS = YES;
				GCC_OPTIMIZATION_LEVEL = 0;
				GCC_PREPROCESSOR_DEFINITIONS = (
					"DEBUG=1",
					"$(inherited)",
				);
				GCC_WARN_64_TO_32_BIT_CONVERSION = YES;
				GCC_WARN_ABOUT_RETURN_TYPE = YES_ERROR;
				GCC_WARN_UNDECLARED_SELECTOR = YES;
				GCC_WARN_UNINITIALIZED_AUTOS = YES_AGGRESSIVE;
				GCC_WARN_UNUSED_FUNCTION = YES;
				GCC_WARN_UNUSED_VARIABLE = YES;
				IPHONEOS_DEPLOYMENT_TARGET = 9.1;
				MTL_ENABLE_DEBUG_INFO = YES;
				ONLY_ACTIVE_ARCH = YES;
				SDKROOT = iphoneos;
			};
			name = Debug;
		};
		8303603A1C23106D00CAA428 /* Release */ = {
			isa = XCBuildConfiguration;
			buildSettings = {
				ALWAYS_SEARCH_USER_PATHS = NO;
				CLANG_CXX_LANGUAGE_STANDARD = "gnu++0x";
				CLANG_CXX_LIBRARY = "libc++";
				CLANG_ENABLE_MODULES = YES;
				CLANG_ENABLE_OBJC_ARC = YES;
				CLANG_WARN_BOOL_CONVERSION = YES;
				CLANG_WARN_CONSTANT_CONVERSION = YES;
				CLANG_WARN_DIRECT_OBJC_ISA_USAGE = YES_ERROR;
				CLANG_WARN_EMPTY_BODY = YES;
				CLANG_WARN_ENUM_CONVERSION = YES;
				CLANG_WARN_INT_CONVERSION = YES;
				CLANG_WARN_OBJC_ROOT_CLASS = YES_ERROR;
				CLANG_WARN_UNREACHABLE_CODE = YES;
				CLANG_WARN__DUPLICATE_METHOD_MATCH = YES;
				"CODE_SIGN_IDENTITY[sdk=iphoneos*]" = "iPhone Developer";
				COPY_PHASE_STRIP = NO;
				DEBUG_INFORMATION_FORMAT = "dwarf-with-dsym";
				ENABLE_NS_ASSERTIONS = NO;
				ENABLE_STRICT_OBJC_MSGSEND = YES;
				GCC_C_LANGUAGE_STANDARD = gnu99;
				GCC_NO_COMMON_BLOCKS = YES;
				GCC_WARN_64_TO_32_BIT_CONVERSION = YES;
				GCC_WARN_ABOUT_RETURN_TYPE = YES_ERROR;
				GCC_WARN_UNDECLARED_SELECTOR = YES;
				GCC_WARN_UNINITIALIZED_AUTOS = YES_AGGRESSIVE;
				GCC_WARN_UNUSED_FUNCTION = YES;
				GCC_WARN_UNUSED_VARIABLE = YES;
				IPHONEOS_DEPLOYMENT_TARGET = 9.1;
				MTL_ENABLE_DEBUG_INFO = NO;
				SDKROOT = iphoneos;
				VALIDATE_PRODUCT = YES;
			};
			name = Release;
		};
		8303603C1C23106D00CAA428 /* Debug */ = {
			isa = XCBuildConfiguration;
			buildSettings = {
				ASSETCATALOG_COMPILER_APPICON_NAME = AppIcon;
				INFOPLIST_FILE = AgendaDeContatos/Info.plist;
				LD_RUNPATH_SEARCH_PATHS = "$(inherited) @executable_path/Frameworks";
				PRODUCT_BUNDLE_IDENTIFIER = br.com.alura.AgendaDeContatos;
				PRODUCT_NAME = "$(TARGET_NAME)";
			};
			name = Debug;
		};
		8303603D1C23106D00CAA428 /* Release */ = {
			isa = XCBuildConfiguration;
			buildSettings = {
				ASSETCATALOG_COMPILER_APPICON_NAME = AppIcon;
				INFOPLIST_FILE = AgendaDeContatos/Info.plist;
				LD_RUNPATH_SEARCH_PATHS = "$(inherited) @executable_path/Frameworks";
				PRODUCT_BUNDLE_IDENTIFIER = br.com.alura.AgendaDeContatos;
				PRODUCT_NAME = "$(TARGET_NAME)";
			};
			name = Release;
		};
		8303603F1C23106D00CAA428 /* Debug */ = {
			isa = XCBuildConfiguration;
			buildSettings = {
				BUNDLE_LOADER = "$(TEST_HOST)";
				INFOPLIST_FILE = AgendaDeContatosTests/Info.plist;
				LD_RUNPATH_SEARCH_PATHS = "$(inherited) @executable_path/Frameworks @loader_path/Frameworks";
				PRODUCT_BUNDLE_IDENTIFIER = br.com.alura.AgendaDeContatosTests;
				PRODUCT_NAME = "$(TARGET_NAME)";
				TEST_HOST = "$(BUILT_PRODUCTS_DIR)/AgendaDeContatos.app/AgendaDeContatos";
			};
			name = Debug;
		};
		830360401C23106D00CAA428 /* Release */ = {
			isa = XCBuildConfiguration;
			buildSettings = {
				BUNDLE_LOADER = "$(TEST_HOST)";
				INFOPLIST_FILE = AgendaDeContatosTests/Info.plist;
				LD_RUNPATH_SEARCH_PATHS = "$(inherited) @executable_path/Frameworks @loader_path/Frameworks";
				PRODUCT_BUNDLE_IDENTIFIER = br.com.alura.AgendaDeContatosTests;
				PRODUCT_NAME = "$(TARGET_NAME)";
				TEST_HOST = "$(BUILT_PRODUCTS_DIR)/AgendaDeContatos.app/AgendaDeContatos";
			};
			name = Release;
		};
		830360421C23106D00CAA428 /* Debug */ = {
			isa = XCBuildConfiguration;
			buildSettings = {
				INFOPLIST_FILE = AgendaDeContatosUITests/Info.plist;
				LD_RUNPATH_SEARCH_PATHS = "$(inherited) @executable_path/Frameworks @loader_path/Frameworks";
				PRODUCT_BUNDLE_IDENTIFIER = br.com.alura.AgendaDeContatosUITests;
				PRODUCT_NAME = "$(TARGET_NAME)";
				TEST_TARGET_NAME = AgendaDeContatos;
				USES_XCTRUNNER = YES;
			};
			name = Debug;
		};
		830360431C23106D00CAA428 /* Release */ = {
			isa = XCBuildConfiguration;
			buildSettings = {
				INFOPLIST_FILE = AgendaDeContatosUITests/Info.plist;
				LD_RUNPATH_SEARCH_PATHS = "$(inherited) @executable_path/Frameworks @loader_path/Frameworks";
				PRODUCT_BUNDLE_IDENTIFIER = br.com.alura.AgendaDeContatosUITests;
				PRODUCT_NAME = "$(TARGET_NAME)";
				TEST_TARGET_NAME = AgendaDeContatos;
				USES_XCTRUNNER = YES;
			};
			name = Release;
		};
/* End XCBuildConfiguration section */

/* Begin XCConfigurationList section */
		830360061C23106C00CAA428 /* Build configuration list for PBXProject "AgendaDeContatos" */ = {
			isa = XCConfigurationList;
			buildConfigurations = (
				830360391C23106D00CAA428 /* Debug */,
				8303603A1C23106D00CAA428 /* Release */,
			);
			defaultConfigurationIsVisible = 0;
			defaultConfigurationName = Release;
		};
		8303603B1C23106D00CAA428 /* Build configuration list for PBXNativeTarget "AgendaDeContatos" */ = {
			isa = XCConfigurationList;
			buildConfigurations = (
				8303603C1C23106D00CAA428 /* Debug */,
				8303603D1C23106D00CAA428 /* Release */,
			);
			defaultConfigurationIsVisible = 0;
		};
		8303603E1C23106D00CAA428 /* Build configuration list for PBXNativeTarget "AgendaDeContatosTests" */ = {
			isa = XCConfigurationList;
			buildConfigurations = (
				8303603F1C23106D00CAA428 /* Debug */,
				830360401C23106D00CAA428 /* Release */,
			);
			defaultConfigurationIsVisible = 0;
		};
		830360411C23106D00CAA428 /* Build configuration list for PBXNativeTarget "AgendaDeContatosUITests" */ = {
			isa = XCConfigurationList;
			buildConfigurations = (
				830360421C23106D00CAA428 /* Debug */,
				830360431C23106D00CAA428 /* Release */,
			);
			defaultConfigurationIsVisible = 0;
		};
/* End XCConfigurationList section */

/* Begin XCVersionGroup section */
		8303601A1C23106C00CAA428 /* AgendaDeContatos.xcdatamodeld */ = {
			isa = XCVersionGroup;
			children = (
				8303601B1C23106C00CAA428 /* AgendaDeContatos.xcdatamodel */,
			);
			currentVersion = 8303601B1C23106C00CAA428 /* AgendaDeContatos.xcdatamodel */;
			path = AgendaDeContatos.xcdatamodeld;
			sourceTree = "<group>";
			versionGroupType = wrapper.xcdatamodel;
		};
/* End XCVersionGroup section */
	};
	rootObject = 830360031C23106C00CAA428 /* Project object */;
}
